
Microsoft Visual Studio Solution File, Format Version 12.00
# Visual Studio Version 17
VisualStudioVersion = 17.3.32922.545
MinimumVisualStudioVersion = 10.0.40219.1
Project("{9A19103F-16F7-4668-BE54-9A1E7A4F7556}") = "HtmlConverter", "HtmlConverter\HtmlConverter.csproj", "{A421BA82-EDFB-4E1D-B0BB-F8479C3F3027}"
EndProject
Project("{9A19103F-16F7-4668-BE54-9A1E7A4F7556}") = "HtmlConverter.ConversionService", "HtmlConverter.ConversionService\HtmlConverter.ConversionService.csproj", "{F51BC3D8-DE52-40B8-91AF-890BBFBDB249}"
EndProject
Project("{54A90642-561A-4BB1-A94E-469ADEE60C69}") = "htmlconverter.client", "HtmlConverter.Client\htmlconverter.client.esproj", "{FBBDA7F3-0334-4C34-A382-555373D4F5DF}"
EndProject
Project("{2150E333-8FDC-42A3-9474-1A3956D46DE8}") = "Client", "Client", "{D51C14A3-C682-4A41-B9AB-C0FBDB53DAB3}"
EndProject
Project("{2150E333-8FDC-42A3-9474-1A3956D46DE8}") = "Server", "Server", "{41997BC7-A0CB-47A8-9967-F834769BDBB6}"
EndProject
Project("{2150E333-8FDC-42A3-9474-1A3956D46DE8}") = "docker", "docker", "{E6CCFBE2-74BA-4604-A4B6-BF8214B03F79}"
	ProjectSection(SolutionItems) = preProject
		docker-compose.yaml = docker-compose.yaml
	EndProjectSection
EndProject
Project("{2150E333-8FDC-42A3-9474-1A3956D46DE8}") = "nginx", "nginx", "{3606A848-3B7E-4B56-BF90-05BE7DCE4791}"
	ProjectSection(SolutionItems) = preProject
		Deployment\config\nginx\nginx.conf = Deployment\config\nginx\nginx.conf
	EndProjectSection
EndProject
Project("{2150E333-8FDC-42A3-9474-1A3956D46DE8}") = "src", "src", "{63736E30-0563-48FB-A1D2-F13283FD941C}"
EndProject
Project("{2150E333-8FDC-42A3-9474-1A3956D46DE8}") = "config", "config", "{2FA36605-A150-4229-AACD-E3CB94138204}"
EndProject
Project("{2150E333-8FDC-42A3-9474-1A3956D46DE8}") = "protos", "protos", "{8502C4E9-1896-40DD-812A-088969771450}"
	ProjectSection(SolutionItems) = preProject
		Protos\convert.proto = Protos\convert.proto
	EndProjectSection
EndProject
Project("{2150E333-8FDC-42A3-9474-1A3956D46DE8}") = "other", "other", "{F6D26C8F-190E-4854-9E16-65C5BAEB14AF}"
	ProjectSection(SolutionItems) = preProject
		.gitignore = .gitignore
		README.md = README.md
	EndProjectSection
EndProject
Global
	GlobalSection(SolutionConfigurationPlatforms) = preSolution
		Debug|Any CPU = Debug|Any CPU
		Release|Any CPU = Release|Any CPU
	EndGlobalSection
	GlobalSection(ProjectConfigurationPlatforms) = postSolution
		{A421BA82-EDFB-4E1D-B0BB-F8479C3F3027}.Debug|Any CPU.ActiveCfg = Debug|Any CPU
		{A421BA82-EDFB-4E1D-B0BB-F8479C3F3027}.Debug|Any CPU.Build.0 = Debug|Any CPU
		{A421BA82-EDFB-4E1D-B0BB-F8479C3F3027}.Release|Any CPU.ActiveCfg = Release|Any CPU
		{A421BA82-EDFB-4E1D-B0BB-F8479C3F3027}.Release|Any CPU.Build.0 = Release|Any CPU
		{F51BC3D8-DE52-40B8-91AF-890BBFBDB249}.Debug|Any CPU.ActiveCfg = Debug|Any CPU
		{F51BC3D8-DE52-40B8-91AF-890BBFBDB249}.Debug|Any CPU.Build.0 = Debug|Any CPU
		{F51BC3D8-DE52-40B8-91AF-890BBFBDB249}.Release|Any CPU.ActiveCfg = Release|Any CPU
		{F51BC3D8-DE52-40B8-91AF-890BBFBDB249}.Release|Any CPU.Build.0 = Release|Any CPU
		{FBBDA7F3-0334-4C34-A382-555373D4F5DF}.Debug|Any CPU.ActiveCfg = Debug|Any CPU
		{FBBDA7F3-0334-4C34-A382-555373D4F5DF}.Debug|Any CPU.Build.0 = Debug|Any CPU
		{FBBDA7F3-0334-4C34-A382-555373D4F5DF}.Debug|Any CPU.Deploy.0 = Debug|Any CPU
		{FBBDA7F3-0334-4C34-A382-555373D4F5DF}.Release|Any CPU.ActiveCfg = Release|Any CPU
		{FBBDA7F3-0334-4C34-A382-555373D4F5DF}.Release|Any CPU.Build.0 = Release|Any CPU
		{FBBDA7F3-0334-4C34-A382-555373D4F5DF}.Release|Any CPU.Deploy.0 = Release|Any CPU
	EndGlobalSection
	GlobalSection(SolutionProperties) = preSolution
		HideSolutionNode = FALSE
	EndGlobalSection
	GlobalSection(NestedProjects) = preSolution
		{A421BA82-EDFB-4E1D-B0BB-F8479C3F3027} = {41997BC7-A0CB-47A8-9967-F834769BDBB6}
		{F51BC3D8-DE52-40B8-91AF-890BBFBDB249} = {41997BC7-A0CB-47A8-9967-F834769BDBB6}
		{FBBDA7F3-0334-4C34-A382-555373D4F5DF} = {D51C14A3-C682-4A41-B9AB-C0FBDB53DAB3}
		{D51C14A3-C682-4A41-B9AB-C0FBDB53DAB3} = {63736E30-0563-48FB-A1D2-F13283FD941C}
		{41997BC7-A0CB-47A8-9967-F834769BDBB6} = {63736E30-0563-48FB-A1D2-F13283FD941C}
		{E6CCFBE2-74BA-4604-A4B6-BF8214B03F79} = {F6D26C8F-190E-4854-9E16-65C5BAEB14AF}
		{3606A848-3B7E-4B56-BF90-05BE7DCE4791} = {2FA36605-A150-4229-AACD-E3CB94138204}
		{2FA36605-A150-4229-AACD-E3CB94138204} = {E6CCFBE2-74BA-4604-A4B6-BF8214B03F79}
	EndGlobalSection
	GlobalSection(ExtensibilityGlobals) = postSolution
		SolutionGuid = {55DA8F92-23FF-4633-9DE3-9976EDD99C91}
	EndGlobalSection
EndGlobal
